
Microsoft Visual Studio Solution File, Format Version 12.00
Project("{FAE04EC0-301F-11D3-BF4B-00C04F79EFBC}") = "ConsoleForwarder", "ConsoleForwarder\ConsoleForwarder.csproj", "{5813E4FC-A1A6-483A-BED5-39C3827C8D4C}"
EndProject
Project("{FAE04EC0-301F-11D3-BF4B-00C04F79EFBC}") = "LibraryForwarder", "LibraryForwarder\LibraryForwarder.csproj", "{2E85D693-248F-447E-ACFC-97413A7C1A3C}"
EndProject
Project("{FAE04EC0-301F-11D3-BF4B-00C04F79EFBC}") = "ConsoleForwarderTester", "ConsoleForwarderTester\ConsoleForwarderTester.csproj", "{16EA088B-0993-4558-91A3-EC3B7788477C}"
EndProject
Project("{FAE04EC0-301F-11D3-BF4B-00C04F79EFBC}") = "LibraryForwarderTester", "LibraryForwarderTester\LibraryForwarderTester.csproj", "{A67568FF-0A78-4F88-A8CD-C4B8FBAF51A5}"
EndProject
Global
	GlobalSection(SolutionConfigurationPlatforms) = preSolution
		Debug|Any CPU = Debug|Any CPU
		Release|Any CPU = Release|Any CPU
	EndGlobalSection
	GlobalSection(ProjectConfigurationPlatforms) = postSolution
		{5813E4FC-A1A6-483A-BED5-39C3827C8D4C}.Debug|Any CPU.ActiveCfg = Debug|Any CPU
		{5813E4FC-A1A6-483A-BED5-39C3827C8D4C}.Debug|Any CPU.Build.0 = Debug|Any CPU
		{5813E4FC-A1A6-483A-BED5-39C3827C8D4C}.Release|Any CPU.ActiveCfg = Release|Any CPU
		{5813E4FC-A1A6-483A-BED5-39C3827C8D4C}.Release|Any CPU.Build.0 = Release|Any CPU
		{2E85D693-248F-447E-ACFC-97413A7C1A3C}.Debug|Any CPU.ActiveCfg = Debug|Any CPU
		{2E85D693-248F-447E-ACFC-97413A7C1A3C}.Debug|Any CPU.Build.0 = Debug|Any CPU
		{2E85D693-248F-447E-ACFC-97413A7C1A3C}.Release|Any CPU.ActiveCfg = Release|Any CPU
		{2E85D693-248F-447E-ACFC-97413A7C1A3C}.Release|Any CPU.Build.0 = Release|Any CPU
		{16EA088B-0993-4558-91A3-EC3B7788477C}.Debug|Any CPU.ActiveCfg = Debug|Any CPU
		{16EA088B-0993-4558-91A3-EC3B7788477C}.Debug|Any CPU.Build.0 = Debug|Any CPU
		{16EA088B-0993-4558-91A3-EC3B7788477C}.Release|Any CPU.ActiveCfg = Release|Any CPU
		{16EA088B-0993-4558-91A3-EC3B7788477C}.Release|Any CPU.Build.0 = Release|Any CPU
		{A67568FF-0A78-4F88-A8CD-C4B8FBAF51A5}.Debug|Any CPU.ActiveCfg = Debug|Any CPU
		{A67568FF-0A78-4F88-A8CD-C4B8FBAF51A5}.Debug|Any CPU.Build.0 = Debug|Any CPU
		{A67568FF-0A78-4F88-A8CD-C4B8FBAF51A5}.Release|Any CPU.ActiveCfg = Release|Any CPU
		{A67568FF-0A78-4F88-A8CD-C4B8FBAF51A5}.Release|Any CPU.Build.0 = Release|Any CPU
	EndGlobalSection
EndGlobal
